
Microsoft Visual Studio Solution File, Format Version 12.00
# Visual Studio 15
VisualStudioVersion = 15.0.28307.645
MinimumVisualStudioVersion = 10.0.40219.1
Project("{FAE04EC0-301F-11D3-BF4B-00C04F79EFBC}") = "Session11Methods", "Session11Methods\Session11Methods.csproj", "{4293FF95-9AAE-4FFE-B35B-3CC00636127E}"
EndProject
Global
	GlobalSection(SolutionConfigurationPlatforms) = preSolution
		Debug|Any CPU = Debug|Any CPU
		Release|Any CPU = Release|Any CPU
	EndGlobalSection
	GlobalSection(ProjectConfigurationPlatforms) = postSolution
		{4293FF95-9AAE-4FFE-B35B-3CC00636127E}.Debug|Any CPU.ActiveCfg = Debug|Any CPU
		{4293FF95-9AAE-4FFE-B35B-3CC00636127E}.Debug|Any CPU.Build.0 = Debug|Any CPU
		{4293FF95-9AAE-4FFE-B35B-3CC00636127E}.Release|Any CPU.ActiveCfg = Release|Any CPU
		{4293FF95-9AAE-4FFE-B35B-3CC00636127E}.Release|Any CPU.Build.0 = Release|Any CPU
	EndGlobalSection
	GlobalSection(SolutionProperties) = preSolution
		HideSolutionNode = FALSE
	EndGlobalSection
	GlobalSection(ExtensibilityGlobals) = postSolution
		SolutionGuid = {83A0BF0B-EBD0-4352-B4A1-9225C61FF3F7}
	EndGlobalSection
EndGlobal
